
Microsoft Visual Studio Solution File, Format Version 12.00
# Visual Studio Version 17
VisualStudioVersion = 17.10.35122.118
MinimumVisualStudioVersion = 10.0.40219.1
Project("{FAE04EC0-301F-11D3-BF4B-00C04F79EFBC}") = "ConsoleApp1", "ConsoleApp1\ConsoleApp1.csproj", "{DFBB43C3-1839-4467-A346-0D55CF99910E}"
EndProject
Global
	GlobalSection(SolutionConfigurationPlatforms) = preSolution
		Debug|Any CPU = Debug|Any CPU
		Release|Any CPU = Release|Any CPU
	EndGlobalSection
	GlobalSection(ProjectConfigurationPlatforms) = postSolution
		{DFBB43C3-1839-4467-A346-0D55CF99910E}.Debug|Any CPU.ActiveCfg = Debug|Any CPU
		{DFBB43C3-1839-4467-A346-0D55CF99910E}.Debug|Any CPU.Build.0 = Debug|Any CPU
		{DFBB43C3-1839-4467-A346-0D55CF99910E}.Release|Any CPU.ActiveCfg = Release|Any CPU
		{DFBB43C3-1839-4467-A346-0D55CF99910E}.Release|Any CPU.Build.0 = Release|Any CPU
	EndGlobalSection
	GlobalSection(SolutionProperties) = preSolution
		HideSolutionNode = FALSE
	EndGlobalSection
	GlobalSection(ExtensibilityGlobals) = postSolution
		SolutionGuid = {4B0FE78A-5363-4FA8-AE2F-EB853B80980D}
	EndGlobalSection
EndGlobal
